
Microsoft Visual Studio Solution File, Format Version 11.00
# Visual Studio 2010
Project("{FAE04EC0-301F-11D3-BF4B-00C04F79EFBC}") = "Console", "Console\Console.csproj", "{C836D6AD-2A48-4FFF-A958-023C48A65478}"
EndProject
Project("{FAE04EC0-301F-11D3-BF4B-00C04F79EFBC}") = "Backend", "Backend\Backend.csproj", "{45C7B613-E32D-43E8-8030-932D509602EB}"
EndProject
Project("{FAE04EC0-301F-11D3-BF4B-00C04F79EFBC}") = "Test", "Test\Test.csproj", "{A7EFFB71-0EE7-413C-85C8-5C74C8D4CDB0}"
EndProject
Global
	GlobalSection(SolutionConfigurationPlatforms) = preSolution
		Debug|Any CPU = Debug|Any CPU
		Debug|Mixed Platforms = Debug|Mixed Platforms
		Debug|x86 = Debug|x86
		Release|Any CPU = Release|Any CPU
		Release|Mixed Platforms = Release|Mixed Platforms
		Release|x86 = Release|x86
	EndGlobalSection
	GlobalSection(ProjectConfigurationPlatforms) = postSolution
		{C836D6AD-2A48-4FFF-A958-023C48A65478}.Debug|Any CPU.ActiveCfg = Debug|Any CPU
		{C836D6AD-2A48-4FFF-A958-023C48A65478}.Debug|Any CPU.Build.0 = Debug|Any CPU
		{C836D6AD-2A48-4FFF-A958-023C48A65478}.Debug|Mixed Platforms.ActiveCfg = Debug|Any CPU
		{C836D6AD-2A48-4FFF-A958-023C48A65478}.Debug|Mixed Platforms.Build.0 = Debug|Any CPU
		{C836D6AD-2A48-4FFF-A958-023C48A65478}.Debug|x86.ActiveCfg = Debug|Any CPU
		{C836D6AD-2A48-4FFF-A958-023C48A65478}.Release|Any CPU.ActiveCfg = Release|Any CPU
		{C836D6AD-2A48-4FFF-A958-023C48A65478}.Release|Any CPU.Build.0 = Release|Any CPU
		{C836D6AD-2A48-4FFF-A958-023C48A65478}.Release|Mixed Platforms.ActiveCfg = Release|Any CPU
		{C836D6AD-2A48-4FFF-A958-023C48A65478}.Release|Mixed Platforms.Build.0 = Release|Any CPU
		{C836D6AD-2A48-4FFF-A958-023C48A65478}.Release|x86.ActiveCfg = Release|Any CPU
		{45C7B613-E32D-43E8-8030-932D509602EB}.Debug|Any CPU.ActiveCfg = Debug|Any CPU
		{45C7B613-E32D-43E8-8030-932D509602EB}.Debug|Any CPU.Build.0 = Debug|Any CPU
		{45C7B613-E32D-43E8-8030-932D509602EB}.Debug|Mixed Platforms.ActiveCfg = Debug|Any CPU
		{45C7B613-E32D-43E8-8030-932D509602EB}.Debug|Mixed Platforms.Build.0 = Debug|Any CPU
		{45C7B613-E32D-43E8-8030-932D509602EB}.Debug|x86.ActiveCfg = Debug|Any CPU
		{45C7B613-E32D-43E8-8030-932D509602EB}.Release|Any CPU.ActiveCfg = Release|Any CPU
		{45C7B613-E32D-43E8-8030-932D509602EB}.Release|Any CPU.Build.0 = Release|Any CPU
		{45C7B613-E32D-43E8-8030-932D509602EB}.Release|Mixed Platforms.ActiveCfg = Release|Any CPU
		{45C7B613-E32D-43E8-8030-932D509602EB}.Release|Mixed Platforms.Build.0 = Release|Any CPU
		{45C7B613-E32D-43E8-8030-932D509602EB}.Release|x86.ActiveCfg = Release|Any CPU
		{A7EFFB71-0EE7-413C-85C8-5C74C8D4CDB0}.Debug|Any CPU.ActiveCfg = Debug|Any CPU
		{A7EFFB71-0EE7-413C-85C8-5C74C8D4CDB0}.Debug|Any CPU.Build.0 = Debug|Any CPU
		{A7EFFB71-0EE7-413C-85C8-5C74C8D4CDB0}.Debug|Mixed Platforms.ActiveCfg = Debug|Any CPU
		{A7EFFB71-0EE7-413C-85C8-5C74C8D4CDB0}.Debug|Mixed Platforms.Build.0 = Debug|Any CPU
		{A7EFFB71-0EE7-413C-85C8-5C74C8D4CDB0}.Debug|x86.ActiveCfg = Debug|Any CPU
		{A7EFFB71-0EE7-413C-85C8-5C74C8D4CDB0}.Release|Any CPU.ActiveCfg = Release|Any CPU
		{A7EFFB71-0EE7-413C-85C8-5C74C8D4CDB0}.Release|Any CPU.Build.0 = Release|Any CPU
		{A7EFFB71-0EE7-413C-85C8-5C74C8D4CDB0}.Release|Mixed Platforms.ActiveCfg = Release|Any CPU
		{A7EFFB71-0EE7-413C-85C8-5C74C8D4CDB0}.Release|Mixed Platforms.Build.0 = Release|Any CPU
		{A7EFFB71-0EE7-413C-85C8-5C74C8D4CDB0}.Release|x86.ActiveCfg = Release|Any CPU
	EndGlobalSection
	GlobalSection(SolutionProperties) = preSolution
		HideSolutionNode = FALSE
	EndGlobalSection
EndGlobal
